{
  "name": "habit-tracker-cli-challenge-3",
  "version": "1.0.0",
  "lockfileVersion": 3,
  "requires": true,
  "packages": {
    "": {
      "name": "habit-tracker-cli-challenge-3",
      "version": "1.0.0",
      "license": "ISC",
      "engines": {
        "node": ">=14.0.0"
      }
    }
  }
}
